# This file was autogenerated by Stack.
# You should not edit this file by hand.
# For more information, please see the documentation at:
#   https://docs.haskellstack.org/en/stable/lock_files

packages:
- completed:
    pantry-tree:
      sha256: c9936666afc390560319024c25ecb184e2518ae4d3be5ae14081231091c1f073
      size: 1818
    hackage: PortMidi-0.2.0.0@sha256:0671e36ec72e95138bf396234b205864a8a6d0ee353e09e01cbfd57004c56f40,2383
  original:
    hackage: PortMidi-0.2.0.0@sha256:0671e36ec72e95138bf396234b205864a8a6d0ee353e09e01cbfd57004c56f40,2383
- completed:
    pantry-tree:
      sha256: ee5ccd70fa7fe6ffc360ebd762b2e3f44ae10406aa27f3842d55b8cbd1a19498
      size: 405
    hackage: WAVE-0.1.6@sha256:f744ff68f5e3a0d1f84fab373ea35970659085d213aef20860357512d0458c5c,1016
  original:
    hackage: WAVE-0.1.6@sha256:f744ff68f5e3a0d1f84fab373ea35970659085d213aef20860357512d0458c5c,1016
- completed:
    pantry-tree:
      sha256: ff6dd637c26f07ca2549335134a2b82c9bfa8556e50daa11bc8b63834623c78c
      size: 210
    hackage: counter-0.1.0.2@sha256:1ddfe4bb33fc5782d2d74935f3edf09e5f6ec22963c2958de68ca0edcf357b90,796
  original:
    hackage: counter-0.1.0.2@sha256:1ddfe4bb33fc5782d2d74935f3edf09e5f6ec22963c2958de68ca0edcf357b90,796
- completed:
    pantry-tree:
      sha256: 4737a5cfc68305ad06c8be528d030b8e91fb2294bb5d730b8854c5fa775d45a4
      size: 520
    hackage: music-pitch-literal-1.9.0@sha256:ce94f1e65bdbfc0d6ae6fee4b983a5681ba33ec17d49d4f53def4dc91665066d,1203
  original:
    hackage: music-pitch-literal-1.9.0@sha256:ce94f1e65bdbfc0d6ae6fee4b983a5681ba33ec17d49d4f53def4dc91665066d,1203
- completed:
    pantry-tree:
      sha256: a3d23f56cc2a9d17ed24ac5119a7b2102d40c0afeed5271f6b41b7597f181df0
      size: 264
    hackage: parsec3-numbers-0.1.0@sha256:2f32295f9f4023f7f97da851549aaaf5e72866e98bf016a1ac3c6e8715bbaf8a,685
  original:
    hackage: parsec3-numbers-0.1.0@sha256:2f32295f9f4023f7f97da851549aaaf5e72866e98bf016a1ac3c6e8715bbaf8a,685
- completed:
    pantry-tree:
      sha256: 4a0ede45d208df1cc66f219b0b7e5e1de61f9620bc549fef1bce6b24a0107e19
      size: 212
    hackage: prettify-1.0@sha256:7105b5783f3d899311f6e392cfe8a230eabc7db98b77e7557b7d1335d91a5bc0,775
  original:
    hackage: prettify-1.0@sha256:7105b5783f3d899311f6e392cfe8a230eabc7db98b77e7557b7d1335d91a5bc0,775
snapshots:
- completed:
    sha256: 692668712aa3a6638401ce921cd043f5f9a8b018af9ba13ae350871196b047d6
    size: 619152
    url: https://raw.githubusercontent.com/commercialhaskell/stackage-snapshots/master/lts/19/11.yaml
  original: lts-19.11
